
Microsoft Visual Studio Solution File, Format Version 12.00
# Visual Studio Version 16
VisualStudioVersion = 16.0.30011.22
MinimumVisualStudioVersion = 10.0.40219.1
Project("{888888A0-9F3D-457C-B088-3A5042F75D52}") = "CredLogger", "CredLogger\CredLogger.pyproj", "{C1AE78AF-5774-427B-894A-9DE8C04AB5DE}"
EndProject
Global
	GlobalSection(SolutionConfigurationPlatforms) = preSolution
		Debug|Any CPU = Debug|Any CPU
		Release|Any CPU = Release|Any CPU
	EndGlobalSection
	GlobalSection(ProjectConfigurationPlatforms) = postSolution
		{C1AE78AF-5774-427B-894A-9DE8C04AB5DE}.Debug|Any CPU.ActiveCfg = Debug|Any CPU
		{C1AE78AF-5774-427B-894A-9DE8C04AB5DE}.Release|Any CPU.ActiveCfg = Release|Any CPU
	EndGlobalSection
	GlobalSection(SolutionProperties) = preSolution
		HideSolutionNode = FALSE
	EndGlobalSection
	GlobalSection(ExtensibilityGlobals) = postSolution
		SolutionGuid = {20F7E996-6BC7-4743-88E6-E30DB43A4388}
	EndGlobalSection
EndGlobal
